
Microsoft Visual Studio Solution File, Format Version 12.00
# Visual Studio Version 17
VisualStudioVersion = 17.0.31903.59
MinimumVisualStudioVersion = 10.0.40219.1
Project("{2150E333-8FDC-42A3-9474-1A3956D46DE8}") = "src", "src", "{15BDC3D4-FEA1-493D-9FEE-AFD2B1B56183}"
EndProject
Project("{FAE04EC0-301F-11D3-BF4B-00C04F79EFBC}") = "CrossLinks", "src\CrossLinks\CrossLinks.csproj", "{58D194E2-892E-40A4-AB6B-424C2D8A7AB5}"
EndProject
Project("{FAE04EC0-301F-11D3-BF4B-00C04F79EFBC}") = "CrossWeb", "src\CrossWeb\CrossWeb.csproj", "{B262F164-2DA0-4A38-941D-4E3F92DC5D7A}"
EndProject
Project("{FAE04EC0-301F-11D3-BF4B-00C04F79EFBC}") = "CrossWeb8", "src\CrossWeb8\CrossWeb8.csproj", "{AB98AAD4-945A-4890-B99B-5E550B44AB9B}"
EndProject
Global
	GlobalSection(SolutionConfigurationPlatforms) = preSolution
		Debug|Any CPU = Debug|Any CPU
		Release|Any CPU = Release|Any CPU
	EndGlobalSection
	GlobalSection(SolutionProperties) = preSolution
		HideSolutionNode = FALSE
	EndGlobalSection
	GlobalSection(ProjectConfigurationPlatforms) = postSolution
		{58D194E2-892E-40A4-AB6B-424C2D8A7AB5}.Debug|Any CPU.ActiveCfg = Debug|Any CPU
		{58D194E2-892E-40A4-AB6B-424C2D8A7AB5}.Debug|Any CPU.Build.0 = Debug|Any CPU
		{58D194E2-892E-40A4-AB6B-424C2D8A7AB5}.Release|Any CPU.ActiveCfg = Release|Any CPU
		{58D194E2-892E-40A4-AB6B-424C2D8A7AB5}.Release|Any CPU.Build.0 = Release|Any CPU
		{B262F164-2DA0-4A38-941D-4E3F92DC5D7A}.Debug|Any CPU.ActiveCfg = Debug|Any CPU
		{B262F164-2DA0-4A38-941D-4E3F92DC5D7A}.Debug|Any CPU.Build.0 = Debug|Any CPU
		{B262F164-2DA0-4A38-941D-4E3F92DC5D7A}.Release|Any CPU.ActiveCfg = Release|Any CPU
		{B262F164-2DA0-4A38-941D-4E3F92DC5D7A}.Release|Any CPU.Build.0 = Release|Any CPU
		{AB98AAD4-945A-4890-B99B-5E550B44AB9B}.Debug|Any CPU.ActiveCfg = Debug|Any CPU
		{AB98AAD4-945A-4890-B99B-5E550B44AB9B}.Debug|Any CPU.Build.0 = Debug|Any CPU
		{AB98AAD4-945A-4890-B99B-5E550B44AB9B}.Release|Any CPU.ActiveCfg = Release|Any CPU
		{AB98AAD4-945A-4890-B99B-5E550B44AB9B}.Release|Any CPU.Build.0 = Release|Any CPU
	EndGlobalSection
	GlobalSection(NestedProjects) = preSolution
		{58D194E2-892E-40A4-AB6B-424C2D8A7AB5} = {15BDC3D4-FEA1-493D-9FEE-AFD2B1B56183}
		{B262F164-2DA0-4A38-941D-4E3F92DC5D7A} = {15BDC3D4-FEA1-493D-9FEE-AFD2B1B56183}
		{AB98AAD4-945A-4890-B99B-5E550B44AB9B} = {15BDC3D4-FEA1-493D-9FEE-AFD2B1B56183}
	EndGlobalSection
EndGlobal
